
Microsoft Visual Studio Solution File, Format Version 12.00
# Visual Studio Version 17
VisualStudioVersion = 17.9.34902.65
MinimumVisualStudioVersion = 10.0.40219.1
Project("{9A19103F-16F7-4668-BE54-9A1E7A4F7556}") = "CC.Input.UI.WebApp", "CC.Input.UI.WebApp\CC.Input.UI.WebApp.csproj", "{ED9C051C-0BF4-4ED6-959B-73ED585AD3EE}"
EndProject
Project("{9A19103F-16F7-4668-BE54-9A1E7A4F7556}") = "CC.Input.Logic.Model", "CC.Input.Logic.Model\CC.Input.Logic.Model.csproj", "{B395555C-4145-403C-AC70-1BD04AA4687D}"
EndProject
Project("{9A19103F-16F7-4668-BE54-9A1E7A4F7556}") = "CC.Input.Logic", "CC.Input.Logic\CC.Input.Logic.csproj", "{0FCD092F-E93C-4F6F-9D5F-1A8EAFEED173}"
EndProject
Project("{9A19103F-16F7-4668-BE54-9A1E7A4F7556}") = "CC.Input.Data", "CC.Input.Data\CC.Input.Data.csproj", "{60B4A9A4-4D88-4D94-8A41-58B3D7408F6E}"
EndProject
Project("{9A19103F-16F7-4668-BE54-9A1E7A4F7556}") = "CC.Input.API", "CC.Input.API\CC.Input.API.csproj", "{301968CF-2DD4-4BB6-9691-CC9A1C87E528}"
EndProject
Project("{FAE04EC0-301F-11D3-BF4B-00C04F79EFBC}") = "CC.Input.Logic.Testing.Unit", "CC.Input.Logic.Testing.Unit\CC.Input.Logic.Testing.Unit.csproj", "{ABE23868-216E-413D-9C78-16E74B5B6A14}"
EndProject
Global
	GlobalSection(SolutionConfigurationPlatforms) = preSolution
		Debug|Any CPU = Debug|Any CPU
		Release|Any CPU = Release|Any CPU
	EndGlobalSection
	GlobalSection(ProjectConfigurationPlatforms) = postSolution
		{ED9C051C-0BF4-4ED6-959B-73ED585AD3EE}.Debug|Any CPU.ActiveCfg = Debug|Any CPU
		{ED9C051C-0BF4-4ED6-959B-73ED585AD3EE}.Debug|Any CPU.Build.0 = Debug|Any CPU
		{ED9C051C-0BF4-4ED6-959B-73ED585AD3EE}.Release|Any CPU.ActiveCfg = Release|Any CPU
		{ED9C051C-0BF4-4ED6-959B-73ED585AD3EE}.Release|Any CPU.Build.0 = Release|Any CPU
		{B395555C-4145-403C-AC70-1BD04AA4687D}.Debug|Any CPU.ActiveCfg = Debug|Any CPU
		{B395555C-4145-403C-AC70-1BD04AA4687D}.Debug|Any CPU.Build.0 = Debug|Any CPU
		{B395555C-4145-403C-AC70-1BD04AA4687D}.Release|Any CPU.ActiveCfg = Release|Any CPU
		{B395555C-4145-403C-AC70-1BD04AA4687D}.Release|Any CPU.Build.0 = Release|Any CPU
		{0FCD092F-E93C-4F6F-9D5F-1A8EAFEED173}.Debug|Any CPU.ActiveCfg = Debug|Any CPU
		{0FCD092F-E93C-4F6F-9D5F-1A8EAFEED173}.Debug|Any CPU.Build.0 = Debug|Any CPU
		{0FCD092F-E93C-4F6F-9D5F-1A8EAFEED173}.Release|Any CPU.ActiveCfg = Release|Any CPU
		{0FCD092F-E93C-4F6F-9D5F-1A8EAFEED173}.Release|Any CPU.Build.0 = Release|Any CPU
		{60B4A9A4-4D88-4D94-8A41-58B3D7408F6E}.Debug|Any CPU.ActiveCfg = Debug|Any CPU
		{60B4A9A4-4D88-4D94-8A41-58B3D7408F6E}.Debug|Any CPU.Build.0 = Debug|Any CPU
		{60B4A9A4-4D88-4D94-8A41-58B3D7408F6E}.Release|Any CPU.ActiveCfg = Release|Any CPU
		{60B4A9A4-4D88-4D94-8A41-58B3D7408F6E}.Release|Any CPU.Build.0 = Release|Any CPU
		{301968CF-2DD4-4BB6-9691-CC9A1C87E528}.Debug|Any CPU.ActiveCfg = Debug|Any CPU
		{301968CF-2DD4-4BB6-9691-CC9A1C87E528}.Debug|Any CPU.Build.0 = Debug|Any CPU
		{301968CF-2DD4-4BB6-9691-CC9A1C87E528}.Release|Any CPU.ActiveCfg = Release|Any CPU
		{301968CF-2DD4-4BB6-9691-CC9A1C87E528}.Release|Any CPU.Build.0 = Release|Any CPU
		{ABE23868-216E-413D-9C78-16E74B5B6A14}.Debug|Any CPU.ActiveCfg = Debug|Any CPU
		{ABE23868-216E-413D-9C78-16E74B5B6A14}.Debug|Any CPU.Build.0 = Debug|Any CPU
		{ABE23868-216E-413D-9C78-16E74B5B6A14}.Release|Any CPU.ActiveCfg = Release|Any CPU
		{ABE23868-216E-413D-9C78-16E74B5B6A14}.Release|Any CPU.Build.0 = Release|Any CPU
	EndGlobalSection
	GlobalSection(SolutionProperties) = preSolution
		HideSolutionNode = FALSE
	EndGlobalSection
	GlobalSection(ExtensibilityGlobals) = postSolution
		SolutionGuid = {D30690EC-EF22-4279-BAEA-D0B64D088B7C}
	EndGlobalSection
EndGlobal
